
Microsoft Visual Studio Solution File, Format Version 12.00
# Visual Studio Version 17
VisualStudioVersion = 17.0.31903.59
MinimumVisualStudioVersion = 10.0.40219.1
Project("{FAE04EC0-301F-11D3-BF4B-00C04F79EFBC}") = "Domain", "Domain\Domain.csproj", "{263B326A-190E-4795-AE18-1F4E9937834A}"
EndProject
Project("{FAE04EC0-301F-11D3-BF4B-00C04F79EFBC}") = "Infastructure", "Infastructure\Infastructure.csproj", "{D6FF5CE7-E2DA-442F-8492-88C90F4F88E0}"
EndProject
Project("{FAE04EC0-301F-11D3-BF4B-00C04F79EFBC}") = "WebApi", "WebApi\WebApi.csproj", "{FF0C713D-5D97-47C8-B854-F14B021686B5}"
EndProject
Global
	GlobalSection(SolutionConfigurationPlatforms) = preSolution
		Debug|Any CPU = Debug|Any CPU
		Release|Any CPU = Release|Any CPU
	EndGlobalSection
	GlobalSection(SolutionProperties) = preSolution
		HideSolutionNode = FALSE
	EndGlobalSection
	GlobalSection(ProjectConfigurationPlatforms) = postSolution
		{263B326A-190E-4795-AE18-1F4E9937834A}.Debug|Any CPU.ActiveCfg = Debug|Any CPU
		{263B326A-190E-4795-AE18-1F4E9937834A}.Debug|Any CPU.Build.0 = Debug|Any CPU
		{263B326A-190E-4795-AE18-1F4E9937834A}.Release|Any CPU.ActiveCfg = Release|Any CPU
		{263B326A-190E-4795-AE18-1F4E9937834A}.Release|Any CPU.Build.0 = Release|Any CPU
		{D6FF5CE7-E2DA-442F-8492-88C90F4F88E0}.Debug|Any CPU.ActiveCfg = Debug|Any CPU
		{D6FF5CE7-E2DA-442F-8492-88C90F4F88E0}.Debug|Any CPU.Build.0 = Debug|Any CPU
		{D6FF5CE7-E2DA-442F-8492-88C90F4F88E0}.Release|Any CPU.ActiveCfg = Release|Any CPU
		{D6FF5CE7-E2DA-442F-8492-88C90F4F88E0}.Release|Any CPU.Build.0 = Release|Any CPU
		{FF0C713D-5D97-47C8-B854-F14B021686B5}.Debug|Any CPU.ActiveCfg = Debug|Any CPU
		{FF0C713D-5D97-47C8-B854-F14B021686B5}.Debug|Any CPU.Build.0 = Debug|Any CPU
		{FF0C713D-5D97-47C8-B854-F14B021686B5}.Release|Any CPU.ActiveCfg = Release|Any CPU
		{FF0C713D-5D97-47C8-B854-F14B021686B5}.Release|Any CPU.Build.0 = Release|Any CPU
	EndGlobalSection
EndGlobal
